// !$*UTF8*$!
{
	archiveVersion = 1;
	classes = {
	};
	objectVersion = 46;
	objects = {

/* Begin PBXBuildFile section */
		0D100B2F1BED093D006A745C /* wdy_thin1.png in Resources */ = {isa = PBXBuildFile; fileRef = 0D100B2B1BED093D006A745C /* wdy_thin1.png */; };
		0D100B301BED093D006A745C /* wdy_thin2.png in Resources */ = {isa = PBXBuildFile; fileRef = 0D100B2C1BED093D006A745C /* wdy_thin2.png */; };
		0D100B311BED093D006A745C /* wdy_shoulder1.png in Resources */ = {isa = PBXBuildFile; fileRef = 0D100B2D1BED093D006A745C /* wdy_shoulder1.png */; };
		0D100B321BED093D006A745C /* wdy_shoulder2.png in Resources */ = {isa = PBXBuildFile; fileRef = 0D100B2E1BED093D006A745C /* wdy_shoulder2.png */; };
		0D7BCB221BEB679C00D2C7AD /* LoginViewController.swift in Sources */ = {isa = PBXBuildFile; fileRef = 0D7BCB211BEB679C00D2C7AD /* LoginViewController.swift */; };
		0D7BCB241BEB67F300D2C7AD /* HomeViewController.swift in Sources */ = {isa = PBXBuildFile; fileRef = 0D7BCB231BEB67F300D2C7AD /* HomeViewController.swift */; };
		0D7BCB261BEB682100D2C7AD /* SignupViewController.swift in Sources */ = {isa = PBXBuildFile; fileRef = 0D7BCB251BEB682100D2C7AD /* SignupViewController.swift */; };
		0DCD69D61BF4750D0053620D /* ScoreViewController.swift in Sources */ = {isa = PBXBuildFile; fileRef = 0DCD69D51BF4750D0053620D /* ScoreViewController.swift */; };
		353792031BEB99F50002AB96 /* JSONJoy-Swift-master in Resources */ = {isa = PBXBuildFile; fileRef = 353792011BEB99F50002AB96 /* JSONJoy-Swift-master */; };
		353792041BEB99F50002AB96 /* SwiftHTTP-master in Resources */ = {isa = PBXBuildFile; fileRef = 353792021BEB99F50002AB96 /* SwiftHTTP-master */; };
		353792111BEB9BC00002AB96 /* JSONJoy.framework in Frameworks */ = {isa = PBXBuildFile; fileRef = 355301731BEB8E5600AB1C2E /* JSONJoy.framework */; };
		353792121BEB9BC00002AB96 /* JSONJoy.framework in Embed Frameworks */ = {isa = PBXBuildFile; fileRef = 355301731BEB8E5600AB1C2E /* JSONJoy.framework */; settings = {ATTRIBUTES = (CodeSignOnCopy, RemoveHeadersOnCopy, ); }; };
		353792151BEB9BC00002AB96 /* SwiftHTTP.framework in Frameworks */ = {isa = PBXBuildFile; fileRef = 355301641BEB8E4100AB1C2E /* SwiftHTTP.framework */; };
		353792161BEB9BC00002AB96 /* SwiftHTTP.framework in Embed Frameworks */ = {isa = PBXBuildFile; fileRef = 355301641BEB8E4100AB1C2E /* SwiftHTTP.framework */; settings = {ATTRIBUTES = (CodeSignOnCopy, RemoveHeadersOnCopy, ); }; };
		3553017A1BEB8E6300AB1C2E /* JSONJoy.framework in Frameworks */ = {isa = PBXBuildFile; fileRef = 355301771BEB8E5600AB1C2E /* JSONJoy.framework */; };
		3553017B1BEB8E6300AB1C2E /* SwiftHTTP.framework in Frameworks */ = {isa = PBXBuildFile; fileRef = 355301681BEB8E4100AB1C2E /* SwiftHTTP.framework */; };
		35F586051BD6813900A94329 /* wdy.png in Resources */ = {isa = PBXBuildFile; fileRef = 35F586041BD6813900A94329 /* wdy.png */; };
		5B0E179C1BF4BCF300EAD378 /* SpeedModeScene.swift in Sources */ = {isa = PBXBuildFile; fileRef = 5B0E179B1BF4BCF300EAD378 /* SpeedModeScene.swift */; };
		5B0E17A21BF4BD0B00EAD378 /* SpeedModeViewController.swift in Sources */ = {isa = PBXBuildFile; fileRef = 5B0E17A11BF4BD0B00EAD378 /* SpeedModeViewController.swift */; };
		730ED6DE1B3BA3DA0041F888 /* touch_mid.wav in Resources */ = {isa = PBXBuildFile; fileRef = 730ED6DD1B3BA3DA0041F888 /* touch_mid.wav */; };
		730ED6E01B3BA6FD0041F888 /* Defined.swift in Sources */ = {isa = PBXBuildFile; fileRef = 730ED6DF1B3BA6FD0041F888 /* Defined.swift */; };
		731F6F4A1B3D001100B8D89A /* button_retry_up.png in Resources */ = {isa = PBXBuildFile; fileRef = 731F6F481B3D001100B8D89A /* button_retry_up.png */; };
		731F6F4C1B3D041600B8D89A /* button_retry_down.png in Resources */ = {isa = PBXBuildFile; fileRef = 731F6F4B1B3D041600B8D89A /* button_retry_down.png */; };
		731F6F501B3D095000B8D89A /* starParticle.png in Resources */ = {isa = PBXBuildFile; fileRef = 731F6F4F1B3D095000B8D89A /* starParticle.png */; };
		731F6F521B3D0E3B00B8D89A /* StarExplosion.sks in Resources */ = {isa = PBXBuildFile; fileRef = 731F6F511B3D0E3B00B8D89A /* StarExplosion.sks */; };
		731F6F581B3D17D000B8D89A /* highScore.wav in Resources */ = {isa = PBXBuildFile; fileRef = 731F6F571B3D17D000B8D89A /* highScore.wav */; };
		733263D81B33C592003A3B2F /* bg_country.mp3 in Resources */ = {isa = PBXBuildFile; fileRef = 733263D21B33C592003A3B2F /* bg_country.mp3 */; };
		733263D91B33C592003A3B2F /* dead.wav in Resources */ = {isa = PBXBuildFile; fileRef = 733263D31B33C592003A3B2F /* dead.wav */; };
		733263DA1B33C592003A3B2F /* fall.wav in Resources */ = {isa = PBXBuildFile; fileRef = 733263D41B33C592003A3B2F /* fall.wav */; };
		733263DB1B33C592003A3B2F /* kick.wav in Resources */ = {isa = PBXBuildFile; fileRef = 733263D51B33C592003A3B2F /* kick.wav */; };
		733263DC1B33C592003A3B2F /* stick_grow_loop.wav in Resources */ = {isa = PBXBuildFile; fileRef = 733263D61B33C592003A3B2F /* stick_grow_loop.wav */; };
		733263DD1B33C592003A3B2F /* victory.wav in Resources */ = {isa = PBXBuildFile; fileRef = 733263D71B33C592003A3B2F /* victory.wav */; };
		733263E01B33C5E9003A3B2F /* human1.png in Resources */ = {isa = PBXBuildFile; fileRef = 733263DE1B33C5E9003A3B2F /* human1.png */; };
		733263E11B33C5E9003A3B2F /* human2.png in Resources */ = {isa = PBXBuildFile; fileRef = 733263DF1B33C5E9003A3B2F /* human2.png */; };
		733263E71B33C68D003A3B2F /* StickHeroGameScene.swift in Sources */ = {isa = PBXBuildFile; fileRef = 733263E61B33C68D003A3B2F /* StickHeroGameScene.swift */; };
		73B7AD5B1B33BEC400115CAD /* AppDelegate.swift in Sources */ = {isa = PBXBuildFile; fileRef = 73B7AD5A1B33BEC400115CAD /* AppDelegate.swift */; };
		73B7AD611B33BEC400115CAD /* GameViewController.swift in Sources */ = {isa = PBXBuildFile; fileRef = 73B7AD601B33BEC400115CAD /* GameViewController.swift */; };
		73B7AD641B33BEC400115CAD /* Main.storyboard in Resources */ = {isa = PBXBuildFile; fileRef = 73B7AD621B33BEC400115CAD /* Main.storyboard */; };
		73B7AD661B33BEC400115CAD /* Assets.xcassets in Resources */ = {isa = PBXBuildFile; fileRef = 73B7AD651B33BEC400115CAD /* Assets.xcassets */; };
		73B7AD691B33BEC400115CAD /* LaunchScreen.storyboard in Resources */ = {isa = PBXBuildFile; fileRef = 73B7AD671B33BEC400115CAD /* LaunchScreen.storyboard */; };
		73DBBA9C1B3913D00050C4EF /* stick_background.jpg in Resources */ = {isa = PBXBuildFile; fileRef = 73DBBA9B1B3913D00050C4EF /* stick_background.jpg */; };
		73DBBA9E1B39377D0050C4EF /* Tools.swift in Sources */ = {isa = PBXBuildFile; fileRef = 73DBBA9D1B39377D0050C4EF /* Tools.swift */; };
/* End PBXBuildFile section */

/* Begin PBXContainerItemProxy section */
		3537920D1BEB9B4F0002AB96 /* PBXContainerItemProxy */ = {
			isa = PBXContainerItemProxy;
			containerPortal = 3553016B1BEB8E5600AB1C2E /* JSONJoy.xcodeproj */;
			proxyType = 1;
			remoteGlobalIDString = D958022D19E6ED8E003C8218;
			remoteInfo = JSONJoyOSX;
		};
		3537920F1BEB9B4F0002AB96 /* PBXContainerItemProxy */ = {
			isa = PBXContainerItemProxy;
			containerPortal = 3553015C1BEB8E4100AB1C2E /* SwiftHTTP.xcodeproj */;
			proxyType = 1;
			remoteGlobalIDString = D958025819E6EEEB003C8218;
			remoteInfo = SwiftHTTPOSX;
		};
		353792131BEB9BC00002AB96 /* PBXContainerItemProxy */ = {
			isa = PBXContainerItemProxy;
			containerPortal = 3553016B1BEB8E5600AB1C2E /* JSONJoy.xcodeproj */;
			proxyType = 1;
			remoteGlobalIDString = 6B3E79B619D355CF006071F7;
			remoteInfo = JSONJoy;
		};
		353792171BEB9BC00002AB96 /* PBXContainerItemProxy */ = {
			isa = PBXContainerItemProxy;
			containerPortal = 3553015C1BEB8E4100AB1C2E /* SwiftHTTP.xcodeproj */;
			proxyType = 1;
			remoteGlobalIDString = 6BFD901519C8D8B500DD99B6;
			remoteInfo = SwiftHTTP;
		};
		355301631BEB8E4100AB1C2E /* PBXContainerItemProxy */ = {
			isa = PBXContainerItemProxy;
			containerPortal = 3553015C1BEB8E4100AB1C2E /* SwiftHTTP.xcodeproj */;
			proxyType = 2;
			remoteGlobalIDString = 6BFD901619C8D8B500DD99B6;
			remoteInfo = SwiftHTTP;
		};
		355301651BEB8E4100AB1C2E /* PBXContainerItemProxy */ = {
			isa = PBXContainerItemProxy;
			containerPortal = 3553015C1BEB8E4100AB1C2E /* SwiftHTTP.xcodeproj */;
			proxyType = 2;
			remoteGlobalIDString = 6BFD902119C8D8B500DD99B6;
			remoteInfo = SwiftHTTPTests;
		};
		355301671BEB8E4100AB1C2E /* PBXContainerItemProxy */ = {
			isa = PBXContainerItemProxy;
			containerPortal = 3553015C1BEB8E4100AB1C2E /* SwiftHTTP.xcodeproj */;
			proxyType = 2;
			remoteGlobalIDString = D958025919E6EEEB003C8218;
			remoteInfo = SwiftHTTPOSX;
		};
		355301691BEB8E4100AB1C2E /* PBXContainerItemProxy */ = {
			isa = PBXContainerItemProxy;
			containerPortal = 3553015C1BEB8E4100AB1C2E /* SwiftHTTP.xcodeproj */;
			proxyType = 2;
			remoteGlobalIDString = D958026319E6EEEB003C8218;
			remoteInfo = SwiftHTTPOSXTests;
		};
		355301721BEB8E5600AB1C2E /* PBXContainerItemProxy */ = {
			isa = PBXContainerItemProxy;
			containerPortal = 3553016B1BEB8E5600AB1C2E /* JSONJoy.xcodeproj */;
			proxyType = 2;
			remoteGlobalIDString = 6B3E79B719D355CF006071F7;
			remoteInfo = JSONJoy;
		};
		355301741BEB8E5600AB1C2E /* PBXContainerItemProxy */ = {
			isa = PBXContainerItemProxy;
			containerPortal = 3553016B1BEB8E5600AB1C2E /* JSONJoy.xcodeproj */;
			proxyType = 2;
			remoteGlobalIDString = 6B3E79C219D355CF006071F7;
			remoteInfo = JSONJoyTests;
		};
		355301761BEB8E5600AB1C2E /* PBXContainerItemProxy */ = {
			isa = PBXContainerItemProxy;
			containerPortal = 3553016B1BEB8E5600AB1C2E /* JSONJoy.xcodeproj */;
			proxyType = 2;
			remoteGlobalIDString = D958022E19E6ED8E003C8218;
			remoteInfo = JSONJoyOSX;
		};
		355301781BEB8E5600AB1C2E /* PBXContainerItemProxy */ = {
			isa = PBXContainerItemProxy;
			containerPortal = 3553016B1BEB8E5600AB1C2E /* JSONJoy.xcodeproj */;
			proxyType = 2;
			remoteGlobalIDString = D958023819E6ED8E003C8218;
			remoteInfo = JSONJoyOSXTests;
		};
/* End PBXContainerItemProxy section */

/* Begin PBXCopyFilesBuildPhase section */
		353792191BEB9BC00002AB96 /* Embed Frameworks */ = {
			isa = PBXCopyFilesBuildPhase;
			buildActionMask = 2147483647;
			dstPath = "";
			dstSubfolderSpec = 10;
			files = (
				353792161BEB9BC00002AB96 /* SwiftHTTP.framework in Embed Frameworks */,
				353792121BEB9BC00002AB96 /* JSONJoy.framework in Embed Frameworks */,
			);
			name = "Embed Frameworks";
			runOnlyForDeploymentPostprocessing = 0;
		};
/* End PBXCopyFilesBuildPhase section */

/* Begin PBXFileReference section */
		0D100B2B1BED093D006A745C /* wdy_thin1.png */ = {isa = PBXFileReference; lastKnownFileType = image.png; path = wdy_thin1.png; sourceTree = "<group>"; };
		0D100B2C1BED093D006A745C /* wdy_thin2.png */ = {isa = PBXFileReference; lastKnownFileType = image.png; path = wdy_thin2.png; sourceTree = "<group>"; };
		0D100B2D1BED093D006A745C /* wdy_shoulder1.png */ = {isa = PBXFileReference; lastKnownFileType = image.png; path = wdy_shoulder1.png; sourceTree = "<group>"; };
		0D100B2E1BED093D006A745C /* wdy_shoulder2.png */ = {isa = PBXFileReference; lastKnownFileType = image.png; path = wdy_shoulder2.png; sourceTree = "<group>"; };
		0D7BCB211BEB679C00D2C7AD /* LoginViewController.swift */ = {isa = PBXFileReference; fileEncoding = 4; lastKnownFileType = sourcecode.swift; path = LoginViewController.swift; sourceTree = "<group>"; };
		0D7BCB231BEB67F300D2C7AD /* HomeViewController.swift */ = {isa = PBXFileReference; fileEncoding = 4; lastKnownFileType = sourcecode.swift; path = HomeViewController.swift; sourceTree = "<group>"; };
		0D7BCB251BEB682100D2C7AD /* SignupViewController.swift */ = {isa = PBXFileReference; fileEncoding = 4; lastKnownFileType = sourcecode.swift; path = SignupViewController.swift; sourceTree = "<group>"; };
		0DCD69D51BF4750D0053620D /* ScoreViewController.swift */ = {isa = PBXFileReference; fileEncoding = 4; lastKnownFileType = sourcecode.swift; path = ScoreViewController.swift; sourceTree = "<group>"; };
		353792011BEB99F50002AB96 /* JSONJoy-Swift-master */ = {isa = PBXFileReference; lastKnownFileType = folder; path = "JSONJoy-Swift-master"; sourceTree = "<group>"; };
		353792021BEB99F50002AB96 /* SwiftHTTP-master */ = {isa = PBXFileReference; lastKnownFileType = folder; path = "SwiftHTTP-master"; sourceTree = "<group>"; };
		3553015C1BEB8E4100AB1C2E /* SwiftHTTP.xcodeproj */ = {isa = PBXFileReference; lastKnownFileType = "wrapper.pb-project"; name = SwiftHTTP.xcodeproj; path = "SwiftHTTP-master/SwiftHTTP.xcodeproj"; sourceTree = "<group>"; };
		3553016B1BEB8E5600AB1C2E /* JSONJoy.xcodeproj */ = {isa = PBXFileReference; lastKnownFileType = "wrapper.pb-project"; name = JSONJoy.xcodeproj; path = "JSONJoy-Swift-master/JSONJoy.xcodeproj"; sourceTree = "<group>"; };
		35F586041BD6813900A94329 /* wdy.png */ = {isa = PBXFileReference; lastKnownFileType = image.png; path = wdy.png; sourceTree = "<group>"; };
		5B0E179B1BF4BCF300EAD378 /* SpeedModeScene.swift */ = {isa = PBXFileReference; fileEncoding = 4; lastKnownFileType = sourcecode.swift; path = SpeedModeScene.swift; sourceTree = "<group>"; };
		5B0E17A11BF4BD0B00EAD378 /* SpeedModeViewController.swift */ = {isa = PBXFileReference; fileEncoding = 4; lastKnownFileType = sourcecode.swift; path = SpeedModeViewController.swift; sourceTree = "<group>"; };
		730ED6DD1B3BA3DA0041F888 /* touch_mid.wav */ = {isa = PBXFileReference; lastKnownFileType = audio.wav; path = touch_mid.wav; sourceTree = "<group>"; };
		730ED6DF1B3BA6FD0041F888 /* Defined.swift */ = {isa = PBXFileReference; fileEncoding = 4; lastKnownFileType = sourcecode.swift; path = Defined.swift; sourceTree = "<group>"; };
		731F6F481B3D001100B8D89A /* button_retry_up.png */ = {isa = PBXFileReference; lastKnownFileType = image.png; path = button_retry_up.png; sourceTree = "<group>"; };
		731F6F4B1B3D041600B8D89A /* button_retry_down.png */ = {isa = PBXFileReference; lastKnownFileType = image.png; path = button_retry_down.png; sourceTree = "<group>"; };
		731F6F4F1B3D095000B8D89A /* starParticle.png */ = {isa = PBXFileReference; lastKnownFileType = image.png; path = starParticle.png; sourceTree = "<group>"; };
		731F6F511B3D0E3B00B8D89A /* StarExplosion.sks */ = {isa = PBXFileReference; lastKnownFileType = file.sks; path = StarExplosion.sks; sourceTree = "<group>"; };
		731F6F571B3D17D000B8D89A /* highScore.wav */ = {isa = PBXFileReference; lastKnownFileType = audio.wav; path = highScore.wav; sourceTree = "<group>"; };
		733263D21B33C592003A3B2F /* bg_country.mp3 */ = {isa = PBXFileReference; lastKnownFileType = audio.mp3; path = bg_country.mp3; sourceTree = "<group>"; };
		733263D31B33C592003A3B2F /* dead.wav */ = {isa = PBXFileReference; lastKnownFileType = audio.wav; path = dead.wav; sourceTree = "<group>"; };
		733263D41B33C592003A3B2F /* fall.wav */ = {isa = PBXFileReference; lastKnownFileType = audio.wav; path = fall.wav; sourceTree = "<group>"; };
		733263D51B33C592003A3B2F /* kick.wav */ = {isa = PBXFileReference; lastKnownFileType = audio.wav; path = kick.wav; sourceTree = "<group>"; };
		733263D61B33C592003A3B2F /* stick_grow_loop.wav */ = {isa = PBXFileReference; lastKnownFileType = audio.wav; path = stick_grow_loop.wav; sourceTree = "<group>"; };
		733263D71B33C592003A3B2F /* victory.wav */ = {isa = PBXFileReference; lastKnownFileType = audio.wav; path = victory.wav; sourceTree = "<group>"; };
		733263DE1B33C5E9003A3B2F /* human1.png */ = {isa = PBXFileReference; lastKnownFileType = image.png; path = human1.png; sourceTree = "<group>"; };
		733263DF1B33C5E9003A3B2F /* human2.png */ = {isa = PBXFileReference; lastKnownFileType = image.png; path = human2.png; sourceTree = "<group>"; };
		733263E61B33C68D003A3B2F /* StickHeroGameScene.swift */ = {isa = PBXFileReference; fileEncoding = 4; lastKnownFileType = sourcecode.swift; path = StickHeroGameScene.swift; sourceTree = "<group>"; };
		73B7AD571B33BEC400115CAD /* Stick-Hero.app */ = {isa = PBXFileReference; explicitFileType = wrapper.application; includeInIndex = 0; path = "Stick-Hero.app"; sourceTree = BUILT_PRODUCTS_DIR; };
		73B7AD5A1B33BEC400115CAD /* AppDelegate.swift */ = {isa = PBXFileReference; lastKnownFileType = sourcecode.swift; path = AppDelegate.swift; sourceTree = "<group>"; };
		73B7AD601B33BEC400115CAD /* GameViewController.swift */ = {isa = PBXFileReference; lastKnownFileType = sourcecode.swift; path = GameViewController.swift; sourceTree = "<group>"; };
		73B7AD631B33BEC400115CAD /* Base */ = {isa = PBXFileReference; lastKnownFileType = file.storyboard; name = Base; path = Base.lproj/Main.storyboard; sourceTree = "<group>"; };
		73B7AD651B33BEC400115CAD /* Assets.xcassets */ = {isa = PBXFileReference; lastKnownFileType = folder.assetcatalog; path = Assets.xcassets; sourceTree = "<group>"; };
		73B7AD681B33BEC400115CAD /* Base */ = {isa = PBXFileReference; lastKnownFileType = file.storyboard; name = Base; path = Base.lproj/LaunchScreen.storyboard; sourceTree = "<group>"; };
		73B7AD6A1B33BEC400115CAD /* Info.plist */ = {isa = PBXFileReference; lastKnownFileType = text.plist.xml; path = Info.plist; sourceTree = "<group>"; };
		73DBBA9B1B3913D00050C4EF /* stick_background.jpg */ = {isa = PBXFileReference; lastKnownFileType = image.jpeg; path = stick_background.jpg; sourceTree = "<group>"; };
		73DBBA9D1B39377D0050C4EF /* Tools.swift */ = {isa = PBXFileReference; fileEncoding = 4; lastKnownFileType = sourcecode.swift; path = Tools.swift; sourceTree = "<group>"; };
/* End PBXFileReference section */

/* Begin PBXFrameworksBuildPhase section */
		73B7AD541B33BEC400115CAD /* Frameworks */ = {
			isa = PBXFrameworksBuildPhase;
			buildActionMask = 2147483647;
			files = (
				353792151BEB9BC00002AB96 /* SwiftHTTP.framework in Frameworks */,
				3553017A1BEB8E6300AB1C2E /* JSONJoy.framework in Frameworks */,
				353792111BEB9BC00002AB96 /* JSONJoy.framework in Frameworks */,
				3553017B1BEB8E6300AB1C2E /* SwiftHTTP.framework in Frameworks */,
			);
			runOnlyForDeploymentPostprocessing = 0;
		};
/* End PBXFrameworksBuildPhase section */

/* Begin PBXGroup section */
		3553015D1BEB8E4100AB1C2E /* Products */ = {
			isa = PBXGroup;
			children = (
				355301641BEB8E4100AB1C2E /* SwiftHTTP.framework */,
				355301661BEB8E4100AB1C2E /* SwiftHTTPTests.xctest */,
				355301681BEB8E4100AB1C2E /* SwiftHTTP.framework */,
				3553016A1BEB8E4100AB1C2E /* SwiftHTTPOSXTests.xctest */,
			);
			name = Products;
			sourceTree = "<group>";
		};
		3553016C1BEB8E5600AB1C2E /* Products */ = {
			isa = PBXGroup;
			children = (
				355301731BEB8E5600AB1C2E /* JSONJoy.framework */,
				355301751BEB8E5600AB1C2E /* JSONJoyTests.xctest */,
				355301771BEB8E5600AB1C2E /* JSONJoy.framework */,
				355301791BEB8E5600AB1C2E /* JSONJoyOSXTests.xctest */,
			);
			name = Products;
			sourceTree = "<group>";
		};
		733263CD1B33C511003A3B2F /* Atlas */ = {
			isa = PBXGroup;
			children = (
			);
			name = Atlas;
			path = Assets/Atlas;
			sourceTree = SOURCE_ROOT;
		};
		733263CE1B33C511003A3B2F /* Images */ = {
			isa = PBXGroup;
			children = (
				0D100B2B1BED093D006A745C /* wdy_thin1.png */,
				0D100B2C1BED093D006A745C /* wdy_thin2.png */,
				0D100B2D1BED093D006A745C /* wdy_shoulder1.png */,
				0D100B2E1BED093D006A745C /* wdy_shoulder2.png */,
				731F6F4B1B3D041600B8D89A /* button_retry_down.png */,
				35F586041BD6813900A94329 /* wdy.png */,
				731F6F481B3D001100B8D89A /* button_retry_up.png */,
				73DBBA9B1B3913D00050C4EF /* stick_background.jpg */,
				733263DE1B33C5E9003A3B2F /* human1.png */,
				733263DF1B33C5E9003A3B2F /* human2.png */,
			);
			name = Images;
			path = Assets/Images;
			sourceTree = SOURCE_ROOT;
		};
		733263CF1B33C511003A3B2F /* Sks */ = {
			isa = PBXGroup;
			children = (
				731F6F511B3D0E3B00B8D89A /* StarExplosion.sks */,
				731F6F4F1B3D095000B8D89A /* starParticle.png */,
			);
			name = Sks;
			path = Assets/Sks;
			sourceTree = SOURCE_ROOT;
		};
		733263D01B33C511003A3B2F /* Sound */ = {
			isa = PBXGroup;
			children = (
				731F6F571B3D17D000B8D89A /* highScore.wav */,
				730ED6DD1B3BA3DA0041F888 /* touch_mid.wav */,
				733263D21B33C592003A3B2F /* bg_country.mp3 */,
				733263D31B33C592003A3B2F /* dead.wav */,
				733263D41B33C592003A3B2F /* fall.wav */,
				733263D51B33C592003A3B2F /* kick.wav */,
				733263D61B33C592003A3B2F /* stick_grow_loop.wav */,
				733263D71B33C592003A3B2F /* victory.wav */,
			);
			name = Sound;
			path = Assets/Sound;
			sourceTree = SOURCE_ROOT;
		};
		733263D11B33C55B003A3B2F /* Scene */ = {
			isa = PBXGroup;
			children = (
				733263E61B33C68D003A3B2F /* StickHeroGameScene.swift */,
				73DBBA9D1B39377D0050C4EF /* Tools.swift */,
				730ED6DF1B3BA6FD0041F888 /* Defined.swift */,
				5B0E179B1BF4BCF300EAD378 /* SpeedModeScene.swift */,
			);
			name = Scene;
			sourceTree = "<group>";
		};
		73B7AD4E1B33BEC400115CAD = {
			isa = PBXGroup;
			children = (
				353792011BEB99F50002AB96 /* JSONJoy-Swift-master */,
				353792021BEB99F50002AB96 /* SwiftHTTP-master */,
				3553016B1BEB8E5600AB1C2E /* JSONJoy.xcodeproj */,
				3553015C1BEB8E4100AB1C2E /* SwiftHTTP.xcodeproj */,
				73B7AD591B33BEC400115CAD /* Stick-Hero */,
				73B7AD581B33BEC400115CAD /* Products */,
			);
			sourceTree = "<group>";
		};
		73B7AD581B33BEC400115CAD /* Products */ = {
			isa = PBXGroup;
			children = (
				73B7AD571B33BEC400115CAD /* Stick-Hero.app */,
			);
			name = Products;
			sourceTree = "<group>";
		};
		73B7AD591B33BEC400115CAD /* Stick-Hero */ = {
			isa = PBXGroup;
			children = (
				73B7AD8C1B33C22400115CAD /* Assets */,
				733263D11B33C55B003A3B2F /* Scene */,
				73B7AD5A1B33BEC400115CAD /* AppDelegate.swift */,
				73B7AD621B33BEC400115CAD /* Main.storyboard */,
				73B7AD601B33BEC400115CAD /* GameViewController.swift */,
				0D7BCB251BEB682100D2C7AD /* SignupViewController.swift */,
				0D7BCB231BEB67F300D2C7AD /* HomeViewController.swift */,
				0D7BCB211BEB679C00D2C7AD /* LoginViewController.swift */,
				0DCD69D51BF4750D0053620D /* ScoreViewController.swift */,
				5B0E17A11BF4BD0B00EAD378 /* SpeedModeViewController.swift */,
				73B7AD651B33BEC400115CAD /* Assets.xcassets */,
				73B7AD671B33BEC400115CAD /* LaunchScreen.storyboard */,
				73B7AD6A1B33BEC400115CAD /* Info.plist */,
			);
			path = "Stick-Hero";
			sourceTree = "<group>";
		};
		73B7AD8C1B33C22400115CAD /* Assets */ = {
			isa = PBXGroup;
			children = (
				733263CD1B33C511003A3B2F /* Atlas */,
				733263CE1B33C511003A3B2F /* Images */,
				733263CF1B33C511003A3B2F /* Sks */,
				733263D01B33C511003A3B2F /* Sound */,
			);
			name = Assets;
			sourceTree = "<group>";
		};
/* End PBXGroup section */

/* Begin PBXNativeTarget section */
		73B7AD561B33BEC400115CAD /* Stick-Hero */ = {
			isa = PBXNativeTarget;
			buildConfigurationList = 73B7AD831B33BEC400115CAD /* Build configuration list for PBXNativeTarget "Stick-Hero" */;
			buildPhases = (
				73B7AD531B33BEC400115CAD /* Sources */,
				73B7AD541B33BEC400115CAD /* Frameworks */,
				73B7AD551B33BEC400115CAD /* Resources */,
				353792191BEB9BC00002AB96 /* Embed Frameworks */,
			);
			buildRules = (
			);
			dependencies = (
				3537920E1BEB9B4F0002AB96 /* PBXTargetDependency */,
				353792101BEB9B4F0002AB96 /* PBXTargetDependency */,
				353792141BEB9BC00002AB96 /* PBXTargetDependency */,
				353792181BEB9BC00002AB96 /* PBXTargetDependency */,
			);
			name = "Stick-Hero";
			productName = "Stick-Hero";
			productReference = 73B7AD571B33BEC400115CAD /* Stick-Hero.app */;
			productType = "com.apple.product-type.application";
		};
/* End PBXNativeTarget section */

/* Begin PBXProject section */
		73B7AD4F1B33BEC400115CAD /* Project object */ = {
			isa = PBXProject;
			attributes = {
				LastUpgradeCheck = 0700;
				ORGANIZATIONNAME = koofrank;
				TargetAttributes = {
					73B7AD561B33BEC400115CAD = {
						CreatedOnToolsVersion = 7.0;
						DevelopmentTeam = 4C8Y4M27UL;
					};
				};
			};
			buildConfigurationList = 73B7AD521B33BEC400115CAD /* Build configuration list for PBXProject "Stick-Hero" */;
			compatibilityVersion = "Xcode 3.2";
			developmentRegion = English;
			hasScannedForEncodings = 0;
			knownRegions = (
				en,
				Base,
			);
			mainGroup = 73B7AD4E1B33BEC400115CAD;
			productRefGroup = 73B7AD581B33BEC400115CAD /* Products */;
			projectDirPath = "";
			projectReferences = (
				{
					ProductGroup = 3553016C1BEB8E5600AB1C2E /* Products */;
					ProjectRef = 3553016B1BEB8E5600AB1C2E /* JSONJoy.xcodeproj */;
				},
				{
					ProductGroup = 3553015D1BEB8E4100AB1C2E /* Products */;
					ProjectRef = 3553015C1BEB8E4100AB1C2E /* SwiftHTTP.xcodeproj */;
				},
			);
			projectRoot = "";
			targets = (
				73B7AD561B33BEC400115CAD /* Stick-Hero */,
			);
		};
/* End PBXProject section */

/* Begin PBXReferenceProxy section */
		355301641BEB8E4100AB1C2E /* SwiftHTTP.framework */ = {
			isa = PBXReferenceProxy;
			fileType = wrapper.framework;
			path = SwiftHTTP.framework;
			remoteRef = 355301631BEB8E4100AB1C2E /* PBXContainerItemProxy */;
			sourceTree = BUILT_PRODUCTS_DIR;
		};
		355301661BEB8E4100AB1C2E /* SwiftHTTPTests.xctest */ = {
			isa = PBXReferenceProxy;
			fileType = wrapper.cfbundle;
			path = SwiftHTTPTests.xctest;
			remoteRef = 355301651BEB8E4100AB1C2E /* PBXContainerItemProxy */;
			sourceTree = BUILT_PRODUCTS_DIR;
		};
		355301681BEB8E4100AB1C2E /* SwiftHTTP.framework */ = {
			isa = PBXReferenceProxy;
			fileType = wrapper.framework;
			path = SwiftHTTP.framework;
			remoteRef = 355301671BEB8E4100AB1C2E /* PBXContainerItemProxy */;
			sourceTree = BUILT_PRODUCTS_DIR;
		};
		3553016A1BEB8E4100AB1C2E /* SwiftHTTPOSXTests.xctest */ = {
			isa = PBXReferenceProxy;
			fileType = wrapper.cfbundle;
			path = SwiftHTTPOSXTests.xctest;
			remoteRef = 355301691BEB8E4100AB1C2E /* PBXContainerItemProxy */;
			sourceTree = BUILT_PRODUCTS_DIR;
		};
		355301731BEB8E5600AB1C2E /* JSONJoy.framework */ = {
			isa = PBXReferenceProxy;
			fileType = wrapper.framework;
			path = JSONJoy.framework;
			remoteRef = 355301721BEB8E5600AB1C2E /* PBXContainerItemProxy */;
			sourceTree = BUILT_PRODUCTS_DIR;
		};
		355301751BEB8E5600AB1C2E /* JSONJoyTests.xctest */ = {
			isa = PBXReferenceProxy;
			fileType = wrapper.cfbundle;
			path = JSONJoyTests.xctest;
			remoteRef = 355301741BEB8E5600AB1C2E /* PBXContainerItemProxy */;
			sourceTree = BUILT_PRODUCTS_DIR;
		};
		355301771BEB8E5600AB1C2E /* JSONJoy.framework */ = {
			isa = PBXReferenceProxy;
			fileType = wrapper.framework;
			path = JSONJoy.framework;
			remoteRef = 355301761BEB8E5600AB1C2E /* PBXContainerItemProxy */;
			sourceTree = BUILT_PRODUCTS_DIR;
		};
		355301791BEB8E5600AB1C2E /* JSONJoyOSXTests.xctest */ = {
			isa = PBXReferenceProxy;
			fileType = wrapper.cfbundle;
			path = JSONJoyOSXTests.xctest;
			remoteRef = 355301781BEB8E5600AB1C2E /* PBXContainerItemProxy */;
			sourceTree = BUILT_PRODUCTS_DIR;
		};
/* End PBXReferenceProxy section */

/* Begin PBXResourcesBuildPhase section */
		73B7AD551B33BEC400115CAD /* Resources */ = {
			isa = PBXResourcesBuildPhase;
			buildActionMask = 2147483647;
			files = (
				731F6F521B3D0E3B00B8D89A /* StarExplosion.sks in Resources */,
				35F586051BD6813900A94329 /* wdy.png in Resources */,
				730ED6DE1B3BA3DA0041F888 /* touch_mid.wav in Resources */,
				0D100B2F1BED093D006A745C /* wdy_thin1.png in Resources */,
				353792031BEB99F50002AB96 /* JSONJoy-Swift-master in Resources */,
				733263DB1B33C592003A3B2F /* kick.wav in Resources */,
				733263E11B33C5E9003A3B2F /* human2.png in Resources */,
				733263D91B33C592003A3B2F /* dead.wav in Resources */,
				353792041BEB99F50002AB96 /* SwiftHTTP-master in Resources */,
				731F6F501B3D095000B8D89A /* starParticle.png in Resources */,
				733263D81B33C592003A3B2F /* bg_country.mp3 in Resources */,
				73DBBA9C1B3913D00050C4EF /* stick_background.jpg in Resources */,
				73B7AD691B33BEC400115CAD /* LaunchScreen.storyboard in Resources */,
				733263DC1B33C592003A3B2F /* stick_grow_loop.wav in Resources */,
				0D100B311BED093D006A745C /* wdy_shoulder1.png in Resources */,
				733263E01B33C5E9003A3B2F /* human1.png in Resources */,
				0D100B321BED093D006A745C /* wdy_shoulder2.png in Resources */,
				733263DA1B33C592003A3B2F /* fall.wav in Resources */,
				73B7AD661B33BEC400115CAD /* Assets.xcassets in Resources */,
				73B7AD641B33BEC400115CAD /* Main.storyboard in Resources */,
				733263DD1B33C592003A3B2F /* victory.wav in Resources */,
				731F6F581B3D17D000B8D89A /* highScore.wav in Resources */,
				731F6F4C1B3D041600B8D89A /* button_retry_down.png in Resources */,
				731F6F4A1B3D001100B8D89A /* button_retry_up.png in Resources */,
				0D100B301BED093D006A745C /* wdy_thin2.png in Resources */,
			);
			runOnlyForDeploymentPostprocessing = 0;
		};
/* End PBXResourcesBuildPhase section */

/* Begin PBXSourcesBuildPhase section */
		73B7AD531B33BEC400115CAD /* Sources */ = {
			isa = PBXSourcesBuildPhase;
			buildActionMask = 2147483647;
			files = (
				0D7BCB221BEB679C00D2C7AD /* LoginViewController.swift in Sources */,
				73B7AD611B33BEC400115CAD /* GameViewController.swift in Sources */,
				0D7BCB261BEB682100D2C7AD /* SignupViewController.swift in Sources */,
				5B0E179C1BF4BCF300EAD378 /* SpeedModeScene.swift in Sources */,
				733263E71B33C68D003A3B2F /* StickHeroGameScene.swift in Sources */,
				5B0E17A21BF4BD0B00EAD378 /* SpeedModeViewController.swift in Sources */,
				73B7AD5B1B33BEC400115CAD /* AppDelegate.swift in Sources */,
				730ED6E01B3BA6FD0041F888 /* Defined.swift in Sources */,
				0D7BCB241BEB67F300D2C7AD /* HomeViewController.swift in Sources */,
				73DBBA9E1B39377D0050C4EF /* Tools.swift in Sources */,
				0DCD69D61BF4750D0053620D /* ScoreViewController.swift in Sources */,
			);
			runOnlyForDeploymentPostprocessing = 0;
		};
/* End PBXSourcesBuildPhase section */

/* Begin PBXTargetDependency section */
		3537920E1BEB9B4F0002AB96 /* PBXTargetDependency */ = {
			isa = PBXTargetDependency;
			name = JSONJoyOSX;
			targetProxy = 3537920D1BEB9B4F0002AB96 /* PBXContainerItemProxy */;
		};
		353792101BEB9B4F0002AB96 /* PBXTargetDependency */ = {
			isa = PBXTargetDependency;
			name = SwiftHTTPOSX;
			targetProxy = 3537920F1BEB9B4F0002AB96 /* PBXContainerItemProxy */;
		};
		353792141BEB9BC00002AB96 /* PBXTargetDependency */ = {
			isa = PBXTargetDependency;
			name = JSONJoy;
			targetProxy = 353792131BEB9BC00002AB96 /* PBXContainerItemProxy */;
		};
		353792181BEB9BC00002AB96 /* PBXTargetDependency */ = {
			isa = PBXTargetDependency;
			name = SwiftHTTP;
			targetProxy = 353792171BEB9BC00002AB96 /* PBXContainerItemProxy */;
		};
/* End PBXTargetDependency section */

/* Begin PBXVariantGroup section */
		73B7AD621B33BEC400115CAD /* Main.storyboard */ = {
			isa = PBXVariantGroup;
			children = (
				73B7AD631B33BEC400115CAD /* Base */,
			);
			name = Main.storyboard;
			sourceTree = "<group>";
		};
		73B7AD671B33BEC400115CAD /* LaunchScreen.storyboard */ = {
			isa = PBXVariantGroup;
			children = (
				73B7AD681B33BEC400115CAD /* Base */,
			);
			name = LaunchScreen.storyboard;
			sourceTree = "<group>";
		};
/* End PBXVariantGroup section */

/* Begin XCBuildConfiguration section */
		73B7AD811B33BEC400115CAD /* Debug */ = {
			isa = XCBuildConfiguration;
			buildSettings = {
				ALWAYS_SEARCH_USER_PATHS = NO;
				CLANG_CXX_LANGUAGE_STANDARD = "gnu++0x";
				CLANG_CXX_LIBRARY = "libc++";
				CLANG_ENABLE_MODULES = YES;
				CLANG_ENABLE_OBJC_ARC = YES;
				CLANG_WARN_BOOL_CONVERSION = YES;
				CLANG_WARN_CONSTANT_CONVERSION = YES;
				CLANG_WARN_DIRECT_OBJC_ISA_USAGE = YES_ERROR;
				CLANG_WARN_EMPTY_BODY = YES;
				CLANG_WARN_ENUM_CONVERSION = YES;
				CLANG_WARN_INT_CONVERSION = YES;
				CLANG_WARN_OBJC_ROOT_CLASS = YES_ERROR;
				CLANG_WARN_UNREACHABLE_CODE = YES;
				CLANG_WARN__DUPLICATE_METHOD_MATCH = YES;
				"CODE_SIGN_IDENTITY[sdk=iphoneos*]" = "iPhone Developer";
				COPY_PHASE_STRIP = NO;
				DEBUG_INFORMATION_FORMAT = dwarf;
				ENABLE_STRICT_OBJC_MSGSEND = YES;
				ENABLE_TESTABILITY = YES;
				GCC_C_LANGUAGE_STANDARD = gnu99;
				GCC_DYNAMIC_NO_PIC = NO;
				GCC_NO_COMMON_BLOCKS = YES;
				GCC_OPTIMIZATION_LEVEL = 0;
				GCC_PREPROCESSOR_DEFINITIONS = (
					"DEBUG=1",
					"$(inherited)",
				);
				GCC_WARN_64_TO_32_BIT_CONVERSION = YES;
				GCC_WARN_ABOUT_RETURN_TYPE = YES_ERROR;
				GCC_WARN_UNDECLARED_SELECTOR = YES;
				GCC_WARN_UNINITIALIZED_AUTOS = YES_AGGRESSIVE;
				GCC_WARN_UNUSED_FUNCTION = YES;
				GCC_WARN_UNUSED_VARIABLE = YES;
				IPHONEOS_DEPLOYMENT_TARGET = 8.0;
				MTL_ENABLE_DEBUG_INFO = YES;
				ONLY_ACTIVE_ARCH = YES;
				SDKROOT = iphoneos;
				SWIFT_OPTIMIZATION_LEVEL = "-Onone";
				TARGETED_DEVICE_FAMILY = "1,2";
			};
			name = Debug;
		};
		73B7AD821B33BEC400115CAD /* Release */ = {
			isa = XCBuildConfiguration;
			buildSettings = {
				ALWAYS_SEARCH_USER_PATHS = NO;
				CLANG_CXX_LANGUAGE_STANDARD = "gnu++0x";
				CLANG_CXX_LIBRARY = "libc++";
				CLANG_ENABLE_MODULES = YES;
				CLANG_ENABLE_OBJC_ARC = YES;
				CLANG_WARN_BOOL_CONVERSION = YES;
				CLANG_WARN_CONSTANT_CONVERSION = YES;
				CLANG_WARN_DIRECT_OBJC_ISA_USAGE = YES_ERROR;
				CLANG_WARN_EMPTY_BODY = YES;
				CLANG_WARN_ENUM_CONVERSION = YES;
				CLANG_WARN_INT_CONVERSION = YES;
				CLANG_WARN_OBJC_ROOT_CLASS = YES_ERROR;
				CLANG_WARN_UNREACHABLE_CODE = YES;
				CLANG_WARN__DUPLICATE_METHOD_MATCH = YES;
				"CODE_SIGN_IDENTITY[sdk=iphoneos*]" = "iPhone Developer";
				COPY_PHASE_STRIP = NO;
				DEBUG_INFORMATION_FORMAT = "dwarf-with-dsym";
				ENABLE_NS_ASSERTIONS = NO;
				ENABLE_STRICT_OBJC_MSGSEND = YES;
				GCC_C_LANGUAGE_STANDARD = gnu99;
				GCC_NO_COMMON_BLOCKS = YES;
				GCC_WARN_64_TO_32_BIT_CONVERSION = YES;
				GCC_WARN_ABOUT_RETURN_TYPE = YES_ERROR;
				GCC_WARN_UNDECLARED_SELECTOR = YES;
				GCC_WARN_UNINITIALIZED_AUTOS = YES_AGGRESSIVE;
				GCC_WARN_UNUSED_FUNCTION = YES;
				GCC_WARN_UNUSED_VARIABLE = YES;
				IPHONEOS_DEPLOYMENT_TARGET = 8.0;
				MTL_ENABLE_DEBUG_INFO = NO;
				SDKROOT = iphoneos;
				TARGETED_DEVICE_FAMILY = "1,2";
				VALIDATE_PRODUCT = YES;
			};
			name = Release;
		};
		73B7AD841B33BEC400115CAD /* Debug */ = {
			isa = XCBuildConfiguration;
			buildSettings = {
				ASSETCATALOG_COMPILER_APPICON_NAME = AppIcon;
				CODE_SIGN_IDENTITY = "iPhone Developer";
				EMBEDDED_CONTENT_CONTAINS_SWIFT = YES;
				INFOPLIST_FILE = "Stick-Hero/Info.plist";
				LD_RUNPATH_SEARCH_PATHS = "$(inherited) @executable_path/Frameworks";
				PRODUCT_BUNDLE_IDENTIFIER = "Stick-Hero";
				PRODUCT_NAME = "$(TARGET_NAME)";
				TARGETED_DEVICE_FAMILY = "1,2";
			};
			name = Debug;
		};
		73B7AD851B33BEC400115CAD /* Release */ = {
			isa = XCBuildConfiguration;
			buildSettings = {
				ASSETCATALOG_COMPILER_APPICON_NAME = AppIcon;
				CODE_SIGN_IDENTITY = "iPhone Developer";
				EMBEDDED_CONTENT_CONTAINS_SWIFT = YES;
				INFOPLIST_FILE = "Stick-Hero/Info.plist";
				LD_RUNPATH_SEARCH_PATHS = "$(inherited) @executable_path/Frameworks";
				PRODUCT_BUNDLE_IDENTIFIER = "Stick-Hero";
				PRODUCT_NAME = "$(TARGET_NAME)";
				TARGETED_DEVICE_FAMILY = "1,2";
			};
			name = Release;
		};
/* End XCBuildConfiguration section */

/* Begin XCConfigurationList section */
		73B7AD521B33BEC400115CAD /* Build configuration list for PBXProject "Stick-Hero" */ = {
			isa = XCConfigurationList;
			buildConfigurations = (
				73B7AD811B33BEC400115CAD /* Debug */,
				73B7AD821B33BEC400115CAD /* Release */,
			);
			defaultConfigurationIsVisible = 0;
			defaultConfigurationName = Release;
		};
		73B7AD831B33BEC400115CAD /* Build configuration list for PBXNativeTarget "Stick-Hero" */ = {
			isa = XCConfigurationList;
			buildConfigurations = (
				73B7AD841B33BEC400115CAD /* Debug */,
				73B7AD851B33BEC400115CAD /* Release */,
			);
			defaultConfigurationIsVisible = 0;
			defaultConfigurationName = Release;
		};
/* End XCConfigurationList section */
	};
	rootObject = 73B7AD4F1B33BEC400115CAD /* Project object */;
}
